
Microsoft Visual Studio Solution File, Format Version 12.00
# Visual Studio Version 17
VisualStudioVersion = 17.0.31903.59
MinimumVisualStudioVersion = 10.0.40219.1
Project("{F5034706-568F-408A-B7B3-4D38C6DB8A32}") = "main", "ps1\main\main.pssproj", "{6CAFC0C6-A428-4D30-A9F9-700E829FEA51}"
EndProject
Project("{2150E333-8FDC-42A3-9474-1A3956D46DE8}") = "Plugins", "Plugins", "{69995299-B3C2-4741-A7CB-F37A29E7E046}"
EndProject
Project("{2150E333-8FDC-42A3-9474-1A3956D46DE8}") = "Ps", "Ps", "{8E3D74E1-D74A-4871-9A43-07C5B178BA97}"
EndProject
Project("{2150E333-8FDC-42A3-9474-1A3956D46DE8}") = "common", "common", "{5DEAB0C6-474B-40DB-946B-D93B371EC300}"
EndProject
Project("{2150E333-8FDC-42A3-9474-1A3956D46DE8}") = "client", "client", "{831AFCBA-4A86-40BD-9DB8-886567F49967}"
EndProject
Project("{54A90642-561A-4BB1-A94E-469ADEE60C69}") = "main", "client\main.esproj", "{5663E409-EABD-41F3-B17F-84F3135B9120}"
EndProject
Project("{2150E333-8FDC-42A3-9474-1A3956D46DE8}") = "console", "console", "{1176089C-1306-4BEB-900F-4FE0499B0362}"
EndProject
Project("{2150E333-8FDC-42A3-9474-1A3956D46DE8}") = "provider", "provider", "{29CF60EA-B31E-4423-8B7F-B4D6F51ECDB7}"
EndProject
Project("{9A19103F-16F7-4668-BE54-9A1E7A4F7556}") = "Shared.Provider", "server\provider\Shared.Provider.csproj", "{D8EF4699-BAEF-45C3-848D-8F3FD2887BCD}"
EndProject
Project("{2150E333-8FDC-42A3-9474-1A3956D46DE8}") = "models", "models", "{059B5C26-106A-48A0-8146-EC0FB6BF2199}"
EndProject
Project("{D954291E-2A0B-460D-934E-DC6B0785DB48}") = "Shared.Models", "server\models\Shared.Models.shproj", "{746D615E-EE14-4E6B-B193-878FA0F24EA7}"
EndProject
Project("{D954291E-2A0B-460D-934E-DC6B0785DB48}") = "Shared.Common", "server\common\Shared.Common.shproj", "{1BCE977D-29DD-4CD2-94B9-A88D9FD70C5A}"
EndProject
Project("{2150E333-8FDC-42A3-9474-1A3956D46DE8}") = "Function", "Function", "{F1A0353F-B1D5-466B-9E1B-3C8DFC6D74AE}"
EndProject
Project("{2150E333-8FDC-42A3-9474-1A3956D46DE8}") = "Web.API", "Web.API", "{CDDCCC23-B559-429C-A7D1-A6693E682F94}"
EndProject
Project("{2150E333-8FDC-42A3-9474-1A3956D46DE8}") = "Custom.API", "Custom.API", "{8538A650-5C11-42C7-93BE-30641489CCF6}"
EndProject
Project("{9A19103F-16F7-4668-BE54-9A1E7A4F7556}") = "API", "server\web.API\API\API.csproj", "{5F26A1A3-296D-483A-A5E0-FE8E36C53004}"
EndProject
Project("{2150E333-8FDC-42A3-9474-1A3956D46DE8}") = "Test", "Test", "{2F8AE04A-2F19-4F61-BE36-F156B7ABE883}"
EndProject
Project("{FAE04EC0-301F-11D3-BF4B-00C04F79EFBC}") = "Unit.Test", "server\test\Unit.Test\Unit.Test.csproj", "{B23674ED-1ADD-4464-8C01-E006B2DE63EE}"
EndProject
Project("{9A19103F-16F7-4668-BE54-9A1E7A4F7556}") = "main", "Console\main.csproj", "{E02F62CA-3B7C-4E7B-8079-9BA83A74B31F}"
EndProject
Project("{2150E333-8FDC-42A3-9474-1A3956D46DE8}") = "Web", "Web", "{E029E6EE-D846-4CF0-94A1-D590B5560260}"
EndProject
Global
	GlobalSection(SolutionConfigurationPlatforms) = preSolution
		Debug|Any CPU = Debug|Any CPU
		Release|Any CPU = Release|Any CPU
	EndGlobalSection
	GlobalSection(ProjectConfigurationPlatforms) = postSolution
		{6CAFC0C6-A428-4D30-A9F9-700E829FEA51}.Debug|Any CPU.ActiveCfg = Debug|Any CPU
		{6CAFC0C6-A428-4D30-A9F9-700E829FEA51}.Debug|Any CPU.Build.0 = Debug|Any CPU
		{6CAFC0C6-A428-4D30-A9F9-700E829FEA51}.Release|Any CPU.ActiveCfg = Release|Any CPU
		{6CAFC0C6-A428-4D30-A9F9-700E829FEA51}.Release|Any CPU.Build.0 = Release|Any CPU
		{5663E409-EABD-41F3-B17F-84F3135B9120}.Debug|Any CPU.ActiveCfg = Debug|Any CPU
		{5663E409-EABD-41F3-B17F-84F3135B9120}.Debug|Any CPU.Build.0 = Debug|Any CPU
		{5663E409-EABD-41F3-B17F-84F3135B9120}.Debug|Any CPU.Deploy.0 = Debug|Any CPU
		{5663E409-EABD-41F3-B17F-84F3135B9120}.Release|Any CPU.ActiveCfg = Release|Any CPU
		{5663E409-EABD-41F3-B17F-84F3135B9120}.Release|Any CPU.Build.0 = Release|Any CPU
		{5663E409-EABD-41F3-B17F-84F3135B9120}.Release|Any CPU.Deploy.0 = Release|Any CPU
		{D8EF4699-BAEF-45C3-848D-8F3FD2887BCD}.Debug|Any CPU.ActiveCfg = Debug|Any CPU
		{D8EF4699-BAEF-45C3-848D-8F3FD2887BCD}.Debug|Any CPU.Build.0 = Debug|Any CPU
		{D8EF4699-BAEF-45C3-848D-8F3FD2887BCD}.Release|Any CPU.ActiveCfg = Release|Any CPU
		{D8EF4699-BAEF-45C3-848D-8F3FD2887BCD}.Release|Any CPU.Build.0 = Release|Any CPU
		{5F26A1A3-296D-483A-A5E0-FE8E36C53004}.Debug|Any CPU.ActiveCfg = Debug|Any CPU
		{5F26A1A3-296D-483A-A5E0-FE8E36C53004}.Debug|Any CPU.Build.0 = Debug|Any CPU
		{5F26A1A3-296D-483A-A5E0-FE8E36C53004}.Release|Any CPU.ActiveCfg = Release|Any CPU
		{5F26A1A3-296D-483A-A5E0-FE8E36C53004}.Release|Any CPU.Build.0 = Release|Any CPU
		{B23674ED-1ADD-4464-8C01-E006B2DE63EE}.Debug|Any CPU.ActiveCfg = Debug|Any CPU
		{B23674ED-1ADD-4464-8C01-E006B2DE63EE}.Debug|Any CPU.Build.0 = Debug|Any CPU
		{B23674ED-1ADD-4464-8C01-E006B2DE63EE}.Release|Any CPU.ActiveCfg = Release|Any CPU
		{B23674ED-1ADD-4464-8C01-E006B2DE63EE}.Release|Any CPU.Build.0 = Release|Any CPU
		{E02F62CA-3B7C-4E7B-8079-9BA83A74B31F}.Debug|Any CPU.ActiveCfg = Debug|Any CPU
		{E02F62CA-3B7C-4E7B-8079-9BA83A74B31F}.Debug|Any CPU.Build.0 = Debug|Any CPU
		{E02F62CA-3B7C-4E7B-8079-9BA83A74B31F}.Release|Any CPU.ActiveCfg = Release|Any CPU
		{E02F62CA-3B7C-4E7B-8079-9BA83A74B31F}.Release|Any CPU.Build.0 = Release|Any CPU
	EndGlobalSection
	GlobalSection(SolutionProperties) = preSolution
		HideSolutionNode = FALSE
	EndGlobalSection
	GlobalSection(NestedProjects) = preSolution
		{6CAFC0C6-A428-4D30-A9F9-700E829FEA51} = {8E3D74E1-D74A-4871-9A43-07C5B178BA97}
		{5663E409-EABD-41F3-B17F-84F3135B9120} = {831AFCBA-4A86-40BD-9DB8-886567F49967}
		{D8EF4699-BAEF-45C3-848D-8F3FD2887BCD} = {29CF60EA-B31E-4423-8B7F-B4D6F51ECDB7}
		{746D615E-EE14-4E6B-B193-878FA0F24EA7} = {059B5C26-106A-48A0-8146-EC0FB6BF2199}
		{1BCE977D-29DD-4CD2-94B9-A88D9FD70C5A} = {5DEAB0C6-474B-40DB-946B-D93B371EC300}
		{5F26A1A3-296D-483A-A5E0-FE8E36C53004} = {CDDCCC23-B559-429C-A7D1-A6693E682F94}
		{B23674ED-1ADD-4464-8C01-E006B2DE63EE} = {2F8AE04A-2F19-4F61-BE36-F156B7ABE883}
		{E02F62CA-3B7C-4E7B-8079-9BA83A74B31F} = {1176089C-1306-4BEB-900F-4FE0499B0362}
	EndGlobalSection
	GlobalSection(ExtensibilityGlobals) = postSolution
		SolutionGuid = {50BA0DEF-2E42-434A-B15E-160CEBE90125}
	EndGlobalSection
	GlobalSection(SharedMSBuildProjectFiles) = preSolution
		server\common\shared.projitems*{1bce977d-29dd-4cd2-94b9-a88d9fd70c5a}*SharedItemsImports = 13
		server\models\models.projitems*{5f26a1a3-296d-483a-a5e0-fe8e36c53004}*SharedItemsImports = 5
		server\models\models.projitems*{746d615e-ee14-4e6b-b193-878fa0f24ea7}*SharedItemsImports = 13
	EndGlobalSection
EndGlobal
